
Microsoft Visual Studio Solution File, Format Version 12.00
# Visual Studio Version 17
VisualStudioVersion = 17.7.34018.315
MinimumVisualStudioVersion = 10.0.40219.1
Project("{FAE04EC0-301F-11D3-BF4B-00C04F79EFBC}") = "Array System - Nathan Peach", "Array System - Nathan Peach\Array System - Nathan Peach.csproj", "{7F891D05-D712-48C5-BA11-937F5F1B99EF}"
EndProject
Global
	GlobalSection(SolutionConfigurationPlatforms) = preSolution
		Debug|Any CPU = Debug|Any CPU
		Release|Any CPU = Release|Any CPU
	EndGlobalSection
	GlobalSection(ProjectConfigurationPlatforms) = postSolution
		{7F891D05-D712-48C5-BA11-937F5F1B99EF}.Debug|Any CPU.ActiveCfg = Debug|Any CPU
		{7F891D05-D712-48C5-BA11-937F5F1B99EF}.Debug|Any CPU.Build.0 = Debug|Any CPU
		{7F891D05-D712-48C5-BA11-937F5F1B99EF}.Release|Any CPU.ActiveCfg = Release|Any CPU
		{7F891D05-D712-48C5-BA11-937F5F1B99EF}.Release|Any CPU.Build.0 = Release|Any CPU
	EndGlobalSection
	GlobalSection(SolutionProperties) = preSolution
		HideSolutionNode = FALSE
	EndGlobalSection
	GlobalSection(ExtensibilityGlobals) = postSolution
		SolutionGuid = {F352796E-A078-453A-BFD0-5BBB03928DA2}
	EndGlobalSection
EndGlobal
